# THIS IS AN AUTOGENERATED FILE. DO NOT EDIT THIS FILE DIRECTLY.
# yarn lockfile v1


"@emotion/is-prop-valid@^0.8.2":
  version "0.8.8"
  resolved "https://registry.yarnpkg.com/@emotion/is-prop-valid/-/is-prop-valid-0.8.8.tgz#db28b1c4368a259b60a97311d6a952d4fd01ac1a"
  integrity sha512-u5WtneEAr5IDG2Wv65yhunPSMLIpuKsbuOktRojfrEiEvRyC85LgPMZI63cr7NUqT8ZIGdSVg8ZKGxIug4lXcA==
  dependencies:
    "@emotion/memoize" "0.7.4"

"@emotion/memoize@0.7.4":
  version "0.7.4"
  resolved "https://registry.yarnpkg.com/@emotion/memoize/-/memoize-0.7.4.tgz#19bf0f5af19149111c40d98bb0cf82119f5d9eeb"
  integrity sha512-Ja/Vfqe3HpuzRsG1oBtWTHk2PGZ7GR+2Vz5iYGelAw8dx32K0y7PjVuxK6z1nMpZOqAFsRUPCkK1YjJ56qJlgw==

framer-motion@^4.0.2:
  version "4.0.2"
  resolved "https://registry.yarnpkg.com/framer-motion/-/framer-motion-4.0.2.tgz#1d62c8c2138fdc97f1c93d0313d93609760fd681"
  integrity sha512-zA/WTEyrJkymmP78/vXf2wCXxofe93CmvaNVG4cA53HNMISW1vbt9lZ9OBiE7KyJR1CWc8agokjr8jmer8JNgQ==
  dependencies:
    framesync "5.2.3"
    hey-listen "^1.0.8"
    popmotion "9.3.4"
    style-value-types "4.1.4"
    tslib "^2.1.0"
  optionalDependencies:
    "@emotion/is-prop-valid" "^0.8.2"

framesync@5.2.3:
  version "5.2.3"
  resolved "https://registry.yarnpkg.com/framesync/-/framesync-5.2.3.tgz#73e26c83e108fb95f05515ee5c6fdf20c9fd47ab"
  integrity sha512-5PxjYm5RxvsT68a9trOOL/61POxL7DcHrbx+j/50CR33mvBdp0aUTI+EfrMeVXprx3XOZ37NWg6r5ZQQOA2arA==
  dependencies:
    tslib "^2.1.0"

hey-listen@^1.0.8:
  version "1.0.8"
  resolved "https://registry.yarnpkg.com/hey-listen/-/hey-listen-1.0.8.tgz#8e59561ff724908de1aa924ed6ecc84a56a9aa68"
  integrity sha512-COpmrF2NOg4TBWUJ5UVyaCU2A88wEMkUPK4hNqyCkqHbxT92BbvfjoSozkAIIm6XhicGlJHhFdullInrdhwU8Q==

popmotion@9.3.4:
  version "9.3.4"
  resolved "https://registry.yarnpkg.com/popmotion/-/popmotion-9.3.4.tgz#9dea29e752491396b0beebc360d9837598f24c7c"
  integrity sha512-CwUJwVEkhXZg7ZCtWLrO2lK40g/J+cEwAV0bPxOq83g2UNrvN2HTcUDnlf/rq6QeMKJPwDvXd6R8SsJO5BjDXg==
  dependencies:
    framesync "5.2.3"
    hey-listen "^1.0.8"
    style-value-types "4.1.4"
    tslib "^2.1.0"

style-value-types@4.1.4:
  version "4.1.4"
  resolved "https://registry.yarnpkg.com/style-value-types/-/style-value-types-4.1.4.tgz#80f37cb4fb024d6394087403dfb275e8bb627e75"
  integrity sha512-LCJL6tB+vPSUoxgUBt9juXIlNJHtBMy8jkXzUJSBzeHWdBu6lhzHqCvLVkXFGsFIlNa2ln1sQHya/gzaFmB2Lg==
  dependencies:
    hey-listen "^1.0.8"
    tslib "^2.1.0"

tslib@^2.1.0:
  version "2.1.0"
  resolved "https://registry.yarnpkg.com/tslib/-/tslib-2.1.0.tgz#da60860f1c2ecaa5703ab7d39bc05b6bf988b97a"
  integrity sha512-hcVC3wYEziELGGmEEXue7D75zbwIIVUMWAVbHItGPx0ziyXxrOMQx4rQEVEV45Ut/1IotuEvwqPopzIOkDMf0A==
